// !$*UTF8*$!
{
	archiveVersion = 1;
	classes = {
	};
	objectVersion = 56;
	objects = {

/* Begin PBXBuildFile section */
		66DED89256868C145B3FEB7A /* Pods_LightEqualizer.framework in Frameworks */ = {isa = PBXBuildFile; fileRef = 7ED918E3056886F8FE1DE085 /* Pods_LightEqualizer.framework */; };
		A11BCEA329D39C4D00A2D3F5 /* LightEqualizerApp.swift in Sources */ = {isa = PBXBuildFile; fileRef = A11BCEA229D39C4D00A2D3F5 /* LightEqualizerApp.swift */; };
		A11BCEA529D39C4D00A2D3F5 /* RootView.swift in Sources */ = {isa = PBXBuildFile; fileRef = A11BCEA429D39C4D00A2D3F5 /* RootView.swift */; };
		A11BCEA729D39C4E00A2D3F5 /* Assets.xcassets in Resources */ = {isa = PBXBuildFile; fileRef = A11BCEA629D39C4E00A2D3F5 /* Assets.xcassets */; };
		A11BCEAA29D39C4F00A2D3F5 /* Preview Assets.xcassets in Resources */ = {isa = PBXBuildFile; fileRef = A11BCEA929D39C4F00A2D3F5 /* Preview Assets.xcassets */; };
		A1A80B4229D3A287004C9891 /* RootViewModel.swift in Sources */ = {isa = PBXBuildFile; fileRef = A1A80B4129D3A287004C9891 /* RootViewModel.swift */; };
		A1A80B4629D3A32C004C9891 /* BrightnessService.swift in Sources */ = {isa = PBXBuildFile; fileRef = A1A80B4529D3A32C004C9891 /* BrightnessService.swift */; };
		A1A80B4F29D3ABB7004C9891 /* xcassets-swiftui.stencil in Resources */ = {isa = PBXBuildFile; fileRef = A1A80B4E29D3ABB7004C9891 /* xcassets-swiftui.stencil */; };
		A1A80B5329D3ADD7004C9891 /* run-swiftgen.sh in Resources */ = {isa = PBXBuildFile; fileRef = A1A80B5129D3ADD7004C9891 /* run-swiftgen.sh */; };
		A1A80B5429D3ADD7004C9891 /* run-swiftlint.sh in Resources */ = {isa = PBXBuildFile; fileRef = A1A80B5229D3ADD7004C9891 /* run-swiftlint.sh */; };
		A1A80B5A29D3AF0B004C9891 /* Assets.swift in Sources */ = {isa = PBXBuildFile; fileRef = A1A80B5929D3AF0B004C9891 /* Assets.swift */; };
		A1A80B5E29D3B25A004C9891 /* Colors.xcassets in Resources */ = {isa = PBXBuildFile; fileRef = A1A80B5D29D3B25A004C9891 /* Colors.xcassets */; };
		A1AE950429D3B66A00B14C6C /* Localizable.strings in Resources */ = {isa = PBXBuildFile; fileRef = A1AE950629D3B66A00B14C6C /* Localizable.strings */; };
		A1AE950829D3B6F400B14C6C /* Strings.swift in Sources */ = {isa = PBXBuildFile; fileRef = A1AE950729D3B6F400B14C6C /* Strings.swift */; };
		A1E37F2D29D484F000F19B36 /* HintView.swift in Sources */ = {isa = PBXBuildFile; fileRef = A1E37F2B29D484F000F19B36 /* HintView.swift */; };
		A1E37F2E29D484F000F19B36 /* HintViewModel.swift in Sources */ = {isa = PBXBuildFile; fileRef = A1E37F2C29D484F000F19B36 /* HintViewModel.swift */; };
		A1E37F3329D4BAF300F19B36 /* ControlsView.swift in Sources */ = {isa = PBXBuildFile; fileRef = A1E37F3129D4BAF300F19B36 /* ControlsView.swift */; };
		A1E37F3429D4BAF300F19B36 /* ControlsViewModel.swift in Sources */ = {isa = PBXBuildFile; fileRef = A1E37F3229D4BAF300F19B36 /* ControlsViewModel.swift */; };
		A1E37F3629D4BE0900F19B36 /* AppState.swift in Sources */ = {isa = PBXBuildFile; fileRef = A1E37F3529D4BE0900F19B36 /* AppState.swift */; };
		A1E37F3829D4C2EF00F19B36 /* VerticalSlider.swift in Sources */ = {isa = PBXBuildFile; fileRef = A1E37F3729D4C2EF00F19B36 /* VerticalSlider.swift */; };
/* End PBXBuildFile section */

/* Begin PBXFileReference section */
		12FEE41903401F4B5ABC4DE6 /* Pods-LightEqualizer.debug.xcconfig */ = {isa = PBXFileReference; includeInIndex = 1; lastKnownFileType = text.xcconfig; name = "Pods-LightEqualizer.debug.xcconfig"; path = "Target Support Files/Pods-LightEqualizer/Pods-LightEqualizer.debug.xcconfig"; sourceTree = "<group>"; };
		7ED918E3056886F8FE1DE085 /* Pods_LightEqualizer.framework */ = {isa = PBXFileReference; explicitFileType = wrapper.framework; includeInIndex = 0; path = Pods_LightEqualizer.framework; sourceTree = BUILT_PRODUCTS_DIR; };
		A11BCE9F29D39C4D00A2D3F5 /* LightEqualizer.app */ = {isa = PBXFileReference; explicitFileType = wrapper.application; includeInIndex = 0; path = LightEqualizer.app; sourceTree = BUILT_PRODUCTS_DIR; };
		A11BCEA229D39C4D00A2D3F5 /* LightEqualizerApp.swift */ = {isa = PBXFileReference; lastKnownFileType = sourcecode.swift; path = LightEqualizerApp.swift; sourceTree = "<group>"; };
		A11BCEA429D39C4D00A2D3F5 /* RootView.swift */ = {isa = PBXFileReference; lastKnownFileType = sourcecode.swift; path = RootView.swift; sourceTree = "<group>"; };
		A11BCEA629D39C4E00A2D3F5 /* Assets.xcassets */ = {isa = PBXFileReference; lastKnownFileType = folder.assetcatalog; path = Assets.xcassets; sourceTree = "<group>"; };
		A11BCEA929D39C4F00A2D3F5 /* Preview Assets.xcassets */ = {isa = PBXFileReference; lastKnownFileType = folder.assetcatalog; path = "Preview Assets.xcassets"; sourceTree = "<group>"; };
		A1A80B3D29D39E36004C9891 /* Info.plist */ = {isa = PBXFileReference; lastKnownFileType = text.plist.xml; path = Info.plist; sourceTree = "<group>"; };
		A1A80B4129D3A287004C9891 /* RootViewModel.swift */ = {isa = PBXFileReference; lastKnownFileType = sourcecode.swift; path = RootViewModel.swift; sourceTree = "<group>"; };
		A1A80B4529D3A32C004C9891 /* BrightnessService.swift */ = {isa = PBXFileReference; lastKnownFileType = sourcecode.swift; path = BrightnessService.swift; sourceTree = "<group>"; };
		A1A80B4E29D3ABB7004C9891 /* xcassets-swiftui.stencil */ = {isa = PBXFileReference; fileEncoding = 4; lastKnownFileType = text; path = "xcassets-swiftui.stencil"; sourceTree = "<group>"; };
		A1A80B5129D3ADD7004C9891 /* run-swiftgen.sh */ = {isa = PBXFileReference; fileEncoding = 4; lastKnownFileType = text.script.sh; path = "run-swiftgen.sh"; sourceTree = "<group>"; };
		A1A80B5229D3ADD7004C9891 /* run-swiftlint.sh */ = {isa = PBXFileReference; fileEncoding = 4; lastKnownFileType = text.script.sh; path = "run-swiftlint.sh"; sourceTree = "<group>"; };
		A1A80B5929D3AF0B004C9891 /* Assets.swift */ = {isa = PBXFileReference; fileEncoding = 4; lastKnownFileType = sourcecode.swift; path = Assets.swift; sourceTree = "<group>"; };
		A1A80B5D29D3B25A004C9891 /* Colors.xcassets */ = {isa = PBXFileReference; lastKnownFileType = folder.assetcatalog; path = Colors.xcassets; sourceTree = "<group>"; };
		A1AE950529D3B66A00B14C6C /* en */ = {isa = PBXFileReference; lastKnownFileType = text.plist.strings; name = en; path = en.lproj/Localizable.strings; sourceTree = "<group>"; };
		A1AE950729D3B6F400B14C6C /* Strings.swift */ = {isa = PBXFileReference; fileEncoding = 4; lastKnownFileType = sourcecode.swift; path = Strings.swift; sourceTree = "<group>"; };
		A1E37F2B29D484F000F19B36 /* HintView.swift */ = {isa = PBXFileReference; lastKnownFileType = sourcecode.swift; path = HintView.swift; sourceTree = "<group>"; };
		A1E37F2C29D484F000F19B36 /* HintViewModel.swift */ = {isa = PBXFileReference; lastKnownFileType = sourcecode.swift; path = HintViewModel.swift; sourceTree = "<group>"; };
		A1E37F3129D4BAF300F19B36 /* ControlsView.swift */ = {isa = PBXFileReference; lastKnownFileType = sourcecode.swift; path = ControlsView.swift; sourceTree = "<group>"; };
		A1E37F3229D4BAF300F19B36 /* ControlsViewModel.swift */ = {isa = PBXFileReference; lastKnownFileType = sourcecode.swift; path = ControlsViewModel.swift; sourceTree = "<group>"; };
		A1E37F3529D4BE0900F19B36 /* AppState.swift */ = {isa = PBXFileReference; lastKnownFileType = sourcecode.swift; path = AppState.swift; sourceTree = "<group>"; };
		A1E37F3729D4C2EF00F19B36 /* VerticalSlider.swift */ = {isa = PBXFileReference; lastKnownFileType = sourcecode.swift; path = VerticalSlider.swift; sourceTree = "<group>"; };
		BD529E066AADDE35DEAB38C3 /* Pods-LightEqualizer.release.xcconfig */ = {isa = PBXFileReference; includeInIndex = 1; lastKnownFileType = text.xcconfig; name = "Pods-LightEqualizer.release.xcconfig"; path = "Target Support Files/Pods-LightEqualizer/Pods-LightEqualizer.release.xcconfig"; sourceTree = "<group>"; };
/* End PBXFileReference section */

/* Begin PBXFrameworksBuildPhase section */
		A11BCE9C29D39C4D00A2D3F5 /* Frameworks */ = {
			isa = PBXFrameworksBuildPhase;
			buildActionMask = 2147483647;
			files = (
				66DED89256868C145B3FEB7A /* Pods_LightEqualizer.framework in Frameworks */,
			);
			runOnlyForDeploymentPostprocessing = 0;
		};
/* End PBXFrameworksBuildPhase section */

/* Begin PBXGroup section */
		6E771878E67ABD012AA32239 /* Pods */ = {
			isa = PBXGroup;
			children = (
				12FEE41903401F4B5ABC4DE6 /* Pods-LightEqualizer.debug.xcconfig */,
				BD529E066AADDE35DEAB38C3 /* Pods-LightEqualizer.release.xcconfig */,
			);
			path = Pods;
			sourceTree = "<group>";
		};
		82CF7A1622A933D1955522CB /* Frameworks */ = {
			isa = PBXGroup;
			children = (
				7ED918E3056886F8FE1DE085 /* Pods_LightEqualizer.framework */,
			);
			name = Frameworks;
			sourceTree = "<group>";
		};
		A11BCE9629D39C4D00A2D3F5 = {
			isa = PBXGroup;
			children = (
				A11BCEA129D39C4D00A2D3F5 /* LightEqualizer */,
				A11BCEA029D39C4D00A2D3F5 /* Products */,
				6E771878E67ABD012AA32239 /* Pods */,
				82CF7A1622A933D1955522CB /* Frameworks */,
			);
			sourceTree = "<group>";
		};
		A11BCEA029D39C4D00A2D3F5 /* Products */ = {
			isa = PBXGroup;
			children = (
				A11BCE9F29D39C4D00A2D3F5 /* LightEqualizer.app */,
			);
			name = Products;
			sourceTree = "<group>";
		};
		A11BCEA129D39C4D00A2D3F5 /* LightEqualizer */ = {
			isa = PBXGroup;
			children = (
				A1A80B3E29D3A110004C9891 /* App */,
				A1A80B4429D3A307004C9891 /* Common */,
				A1A80B4029D3A145004C9891 /* Flow */,
				A1A80B3F29D3A13E004C9891 /* Resources */,
				A1A80B5029D3ADD7004C9891 /* scripts */,
			);
			path = LightEqualizer;
			sourceTree = "<group>";
		};
		A11BCEA829D39C4F00A2D3F5 /* Preview Content */ = {
			isa = PBXGroup;
			children = (
				A11BCEA929D39C4F00A2D3F5 /* Preview Assets.xcassets */,
			);
			path = "Preview Content";
			sourceTree = "<group>";
		};
		A1A80B3E29D3A110004C9891 /* App */ = {
			isa = PBXGroup;
			children = (
				A11BCEA229D39C4D00A2D3F5 /* LightEqualizerApp.swift */,
			);
			path = App;
			sourceTree = "<group>";
		};
		A1A80B3F29D3A13E004C9891 /* Resources */ = {
			isa = PBXGroup;
			children = (
				A1A80B5C29D3B025004C9891 /* InfoPlists */,
				A1A80B5F29D3B30A004C9891 /* Localization */,
				A1A80B4C29D3ABB7004C9891 /* SwiftGen */,
				A1A80B5B29D3B008004C9891 /* XCAssets */,
			);
			path = Resources;
			sourceTree = "<group>";
		};
		A1A80B4029D3A145004C9891 /* Flow */ = {
			isa = PBXGroup;
			children = (
				A1E37F3029D4BADD00F19B36 /* ControlsView */,
				A1E37F2F29D484F600F19B36 /* HintView */,
				A1A80B4329D3A2C7004C9891 /* RootView */,
			);
			path = Flow;
			sourceTree = "<group>";
		};
		A1A80B4329D3A2C7004C9891 /* RootView */ = {
			isa = PBXGroup;
			children = (
				A11BCEA429D39C4D00A2D3F5 /* RootView.swift */,
				A1A80B4129D3A287004C9891 /* RootViewModel.swift */,
			);
			path = RootView;
			sourceTree = "<group>";
		};
		A1A80B4429D3A307004C9891 /* Common */ = {
			isa = PBXGroup;
			children = (
				A1E37F3529D4BE0900F19B36 /* AppState.swift */,
				A1A80B4529D3A32C004C9891 /* BrightnessService.swift */,
				A1E37F3729D4C2EF00F19B36 /* VerticalSlider.swift */,
			);
			path = Common;
			sourceTree = "<group>";
		};
		A1A80B4C29D3ABB7004C9891 /* SwiftGen */ = {
			isa = PBXGroup;
			children = (
				A1A80B5929D3AF0B004C9891 /* Assets.swift */,
				A1A80B4D29D3ABB7004C9891 /* Stencils */,
				A1AE950729D3B6F400B14C6C /* Strings.swift */,
			);
			path = SwiftGen;
			sourceTree = "<group>";
		};
		A1A80B4D29D3ABB7004C9891 /* Stencils */ = {
			isa = PBXGroup;
			children = (
				A1A80B4E29D3ABB7004C9891 /* xcassets-swiftui.stencil */,
			);
			path = Stencils;
			sourceTree = "<group>";
		};
		A1A80B5029D3ADD7004C9891 /* scripts */ = {
			isa = PBXGroup;
			children = (
				A1A80B5129D3ADD7004C9891 /* run-swiftgen.sh */,
				A1A80B5229D3ADD7004C9891 /* run-swiftlint.sh */,
			);
			path = scripts;
			sourceTree = SOURCE_ROOT;
		};
		A1A80B5B29D3B008004C9891 /* XCAssets */ = {
			isa = PBXGroup;
			children = (
				A11BCEA629D39C4E00A2D3F5 /* Assets.xcassets */,
				A1A80B5D29D3B25A004C9891 /* Colors.xcassets */,
				A11BCEA829D39C4F00A2D3F5 /* Preview Content */,
			);
			path = XCAssets;
			sourceTree = "<group>";
		};
		A1A80B5C29D3B025004C9891 /* InfoPlists */ = {
			isa = PBXGroup;
			children = (
				A1A80B3D29D39E36004C9891 /* Info.plist */,
			);
			path = InfoPlists;
			sourceTree = "<group>";
		};
		A1A80B5F29D3B30A004C9891 /* Localization */ = {
			isa = PBXGroup;
			children = (
				A1AE950629D3B66A00B14C6C /* Localizable.strings */,
			);
			path = Localization;
			sourceTree = "<group>";
		};
		A1E37F2F29D484F600F19B36 /* HintView */ = {
			isa = PBXGroup;
			children = (
				A1E37F2B29D484F000F19B36 /* HintView.swift */,
				A1E37F2C29D484F000F19B36 /* HintViewModel.swift */,
			);
			path = HintView;
			sourceTree = "<group>";
		};
		A1E37F3029D4BADD00F19B36 /* ControlsView */ = {
			isa = PBXGroup;
			children = (
				A1E37F3129D4BAF300F19B36 /* ControlsView.swift */,
				A1E37F3229D4BAF300F19B36 /* ControlsViewModel.swift */,
			);
			path = ControlsView;
			sourceTree = "<group>";
		};
/* End PBXGroup section */

/* Begin PBXNativeTarget section */
		A11BCE9E29D39C4D00A2D3F5 /* LightEqualizer */ = {
			isa = PBXNativeTarget;
			buildConfigurationList = A11BCEAD29D39C4F00A2D3F5 /* Build configuration list for PBXNativeTarget "LightEqualizer" */;
			buildPhases = (
				532A98C794DD97EBE95A01D3 /* [CP] Check Pods Manifest.lock */,
				A1A80B4929D3AA56004C9891 /* SwiftGen */,
				A1A80B4A29D3AA64004C9891 /* SwiftLint */,
				A11BCE9B29D39C4D00A2D3F5 /* Sources */,
				A11BCE9C29D39C4D00A2D3F5 /* Frameworks */,
				A11BCE9D29D39C4D00A2D3F5 /* Resources */,
				9C1E901F2782011E4B4CE371 /* [CP] Embed Pods Frameworks */,
			);
			buildRules = (
			);
			dependencies = (
			);
			name = LightEqualizer;
			productName = LightEqualizer;
			productReference = A11BCE9F29D39C4D00A2D3F5 /* LightEqualizer.app */;
			productType = "com.apple.product-type.application";
		};
/* End PBXNativeTarget section */

/* Begin PBXProject section */
		A11BCE9729D39C4D00A2D3F5 /* Project object */ = {
			isa = PBXProject;
			attributes = {
				BuildIndependentTargetsInParallel = 1;
				LastSwiftUpdateCheck = 1420;
				LastUpgradeCheck = 1420;
				TargetAttributes = {
					A11BCE9E29D39C4D00A2D3F5 = {
						CreatedOnToolsVersion = 14.2;
					};
				};
			};
			buildConfigurationList = A11BCE9A29D39C4D00A2D3F5 /* Build configuration list for PBXProject "LightEqualizer" */;
			compatibilityVersion = "Xcode 14.0";
			developmentRegion = en;
			hasScannedForEncodings = 0;
			knownRegions = (
				en,
				Base,
			);
			mainGroup = A11BCE9629D39C4D00A2D3F5;
			productRefGroup = A11BCEA029D39C4D00A2D3F5 /* Products */;
			projectDirPath = "";
			projectRoot = "";
			targets = (
				A11BCE9E29D39C4D00A2D3F5 /* LightEqualizer */,
			);
		};
/* End PBXProject section */

/* Begin PBXResourcesBuildPhase section */
		A11BCE9D29D39C4D00A2D3F5 /* Resources */ = {
			isa = PBXResourcesBuildPhase;
			buildActionMask = 2147483647;
			files = (
				A11BCEAA29D39C4F00A2D3F5 /* Preview Assets.xcassets in Resources */,
				A1A80B5329D3ADD7004C9891 /* run-swiftgen.sh in Resources */,
				A1A80B5429D3ADD7004C9891 /* run-swiftlint.sh in Resources */,
				A1AE950429D3B66A00B14C6C /* Localizable.strings in Resources */,
				A1A80B5E29D3B25A004C9891 /* Colors.xcassets in Resources */,
				A11BCEA729D39C4E00A2D3F5 /* Assets.xcassets in Resources */,
				A1A80B4F29D3ABB7004C9891 /* xcassets-swiftui.stencil in Resources */,
			);
			runOnlyForDeploymentPostprocessing = 0;
		};
/* End PBXResourcesBuildPhase section */

/* Begin PBXShellScriptBuildPhase section */
		532A98C794DD97EBE95A01D3 /* [CP] Check Pods Manifest.lock */ = {
			isa = PBXShellScriptBuildPhase;
			buildActionMask = 2147483647;
			files = (
			);
			inputFileListPaths = (
			);
			inputPaths = (
				"${PODS_PODFILE_DIR_PATH}/Podfile.lock",
				"${PODS_ROOT}/Manifest.lock",
			);
			name = "[CP] Check Pods Manifest.lock";
			outputFileListPaths = (
			);
			outputPaths = (
				"$(DERIVED_FILE_DIR)/Pods-LightEqualizer-checkManifestLockResult.txt",
			);
			runOnlyForDeploymentPostprocessing = 0;
			shellPath = /bin/sh;
			shellScript = "diff \"${PODS_PODFILE_DIR_PATH}/Podfile.lock\" \"${PODS_ROOT}/Manifest.lock\" > /dev/null\nif [ $? != 0 ] ; then\n    # print error to STDERR\n    echo \"error: The sandbox is not in sync with the Podfile.lock. Run 'pod install' or update your CocoaPods installation.\" >&2\n    exit 1\nfi\n# This output is used by Xcode 'outputs' to avoid re-running this script phase.\necho \"SUCCESS\" > \"${SCRIPT_OUTPUT_FILE_0}\"\n";
			showEnvVarsInLog = 0;
		};
		9C1E901F2782011E4B4CE371 /* [CP] Embed Pods Frameworks */ = {
			isa = PBXShellScriptBuildPhase;
			buildActionMask = 2147483647;
			files = (
			);
			inputFileListPaths = (
				"${PODS_ROOT}/Target Support Files/Pods-LightEqualizer/Pods-LightEqualizer-frameworks-${CONFIGURATION}-input-files.xcfilelist",
			);
			name = "[CP] Embed Pods Frameworks";
			outputFileListPaths = (
				"${PODS_ROOT}/Target Support Files/Pods-LightEqualizer/Pods-LightEqualizer-frameworks-${CONFIGURATION}-output-files.xcfilelist",
			);
			runOnlyForDeploymentPostprocessing = 0;
			shellPath = /bin/sh;
			shellScript = "\"${PODS_ROOT}/Target Support Files/Pods-LightEqualizer/Pods-LightEqualizer-frameworks.sh\"\n";
			showEnvVarsInLog = 0;
		};
		A1A80B4929D3AA56004C9891 /* SwiftGen */ = {
			isa = PBXShellScriptBuildPhase;
			alwaysOutOfDate = 1;
			buildActionMask = 2147483647;
			files = (
			);
			inputFileListPaths = (
			);
			inputPaths = (
			);
			name = SwiftGen;
			outputFileListPaths = (
			);
			outputPaths = (
			);
			runOnlyForDeploymentPostprocessing = 0;
			shellPath = /bin/sh;
			shellScript = "$SRCROOT/scripts/run-swiftgen.sh\n";
		};
		A1A80B4A29D3AA64004C9891 /* SwiftLint */ = {
			isa = PBXShellScriptBuildPhase;
			alwaysOutOfDate = 1;
			buildActionMask = 2147483647;
			files = (
			);
			inputFileListPaths = (
			);
			inputPaths = (
			);
			name = SwiftLint;
			outputFileListPaths = (
			);
			outputPaths = (
			);
			runOnlyForDeploymentPostprocessing = 0;
			shellPath = /bin/sh;
			shellScript = "$SRCROOT/scripts/run-swiftlint.sh\n";
		};
/* End PBXShellScriptBuildPhase section */

/* Begin PBXSourcesBuildPhase section */
		A11BCE9B29D39C4D00A2D3F5 /* Sources */ = {
			isa = PBXSourcesBuildPhase;
			buildActionMask = 2147483647;
			files = (
				A1E37F3429D4BAF300F19B36 /* ControlsViewModel.swift in Sources */,
				A1A80B4629D3A32C004C9891 /* BrightnessService.swift in Sources */,
				A1E37F3329D4BAF300F19B36 /* ControlsView.swift in Sources */,
				A11BCEA529D39C4D00A2D3F5 /* RootView.swift in Sources */,
				A1A80B4229D3A287004C9891 /* RootViewModel.swift in Sources */,
				A1A80B5A29D3AF0B004C9891 /* Assets.swift in Sources */,
				A1E37F3629D4BE0900F19B36 /* AppState.swift in Sources */,
				A1E37F2D29D484F000F19B36 /* HintView.swift in Sources */,
				A1E37F3829D4C2EF00F19B36 /* VerticalSlider.swift in Sources */,
				A1E37F2E29D484F000F19B36 /* HintViewModel.swift in Sources */,
				A1AE950829D3B6F400B14C6C /* Strings.swift in Sources */,
				A11BCEA329D39C4D00A2D3F5 /* LightEqualizerApp.swift in Sources */,
			);
			runOnlyForDeploymentPostprocessing = 0;
		};
/* End PBXSourcesBuildPhase section */

/* Begin PBXVariantGroup section */
		A1AE950629D3B66A00B14C6C /* Localizable.strings */ = {
			isa = PBXVariantGroup;
			children = (
				A1AE950529D3B66A00B14C6C /* en */,
			);
			name = Localizable.strings;
			sourceTree = "<group>";
		};
/* End PBXVariantGroup section */

/* Begin XCBuildConfiguration section */
		A11BCEAB29D39C4F00A2D3F5 /* Debug */ = {
			isa = XCBuildConfiguration;
			buildSettings = {
				ALWAYS_SEARCH_USER_PATHS = NO;
				CLANG_ANALYZER_NONNULL = YES;
				CLANG_ANALYZER_NUMBER_OBJECT_CONVERSION = YES_AGGRESSIVE;
				CLANG_CXX_LANGUAGE_STANDARD = "gnu++20";
				CLANG_ENABLE_MODULES = YES;
				CLANG_ENABLE_OBJC_ARC = YES;
				CLANG_ENABLE_OBJC_WEAK = YES;
				CLANG_WARN_BLOCK_CAPTURE_AUTORELEASING = YES;
				CLANG_WARN_BOOL_CONVERSION = YES;
				CLANG_WARN_COMMA = YES;
				CLANG_WARN_CONSTANT_CONVERSION = YES;
				CLANG_WARN_DEPRECATED_OBJC_IMPLEMENTATIONS = YES;
				CLANG_WARN_DIRECT_OBJC_ISA_USAGE = YES_ERROR;
				CLANG_WARN_DOCUMENTATION_COMMENTS = YES;
				CLANG_WARN_EMPTY_BODY = YES;
				CLANG_WARN_ENUM_CONVERSION = YES;
				CLANG_WARN_INFINITE_RECURSION = YES;
				CLANG_WARN_INT_CONVERSION = YES;
				CLANG_WARN_NON_LITERAL_NULL_CONVERSION = YES;
				CLANG_WARN_OBJC_IMPLICIT_RETAIN_SELF = YES;
				CLANG_WARN_OBJC_LITERAL_CONVERSION = YES;
				CLANG_WARN_OBJC_ROOT_CLASS = YES_ERROR;
				CLANG_WARN_QUOTED_INCLUDE_IN_FRAMEWORK_HEADER = YES;
				CLANG_WARN_RANGE_LOOP_ANALYSIS = YES;
				CLANG_WARN_STRICT_PROTOTYPES = YES;
				CLANG_WARN_SUSPICIOUS_MOVE = YES;
				CLANG_WARN_UNGUARDED_AVAILABILITY = YES_AGGRESSIVE;
				CLANG_WARN_UNREACHABLE_CODE = YES;
				CLANG_WARN__DUPLICATE_METHOD_MATCH = YES;
				COPY_PHASE_STRIP = NO;
				DEBUG_INFORMATION_FORMAT = dwarf;
				ENABLE_STRICT_OBJC_MSGSEND = YES;
				ENABLE_TESTABILITY = YES;
				GCC_C_LANGUAGE_STANDARD = gnu11;
				GCC_DYNAMIC_NO_PIC = NO;
				GCC_NO_COMMON_BLOCKS = YES;
				GCC_OPTIMIZATION_LEVEL = 0;
				GCC_PREPROCESSOR_DEFINITIONS = (
					"DEBUG=1",
					"$(inherited)",
				);
				GCC_WARN_64_TO_32_BIT_CONVERSION = YES;
				GCC_WARN_ABOUT_RETURN_TYPE = YES_ERROR;
				GCC_WARN_UNDECLARED_SELECTOR = YES;
				GCC_WARN_UNINITIALIZED_AUTOS = YES_AGGRESSIVE;
				GCC_WARN_UNUSED_FUNCTION = YES;
				GCC_WARN_UNUSED_VARIABLE = YES;
				IPHONEOS_DEPLOYMENT_TARGET = 16.2;
				MTL_ENABLE_DEBUG_INFO = INCLUDE_SOURCE;
				MTL_FAST_MATH = YES;
				ONLY_ACTIVE_ARCH = YES;
				SDKROOT = iphoneos;
				SWIFT_ACTIVE_COMPILATION_CONDITIONS = DEBUG;
				SWIFT_OPTIMIZATION_LEVEL = "-Onone";
			};
			name = Debug;
		};
		A11BCEAC29D39C4F00A2D3F5 /* Release */ = {
			isa = XCBuildConfiguration;
			buildSettings = {
				ALWAYS_SEARCH_USER_PATHS = NO;
				CLANG_ANALYZER_NONNULL = YES;
				CLANG_ANALYZER_NUMBER_OBJECT_CONVERSION = YES_AGGRESSIVE;
				CLANG_CXX_LANGUAGE_STANDARD = "gnu++20";
				CLANG_ENABLE_MODULES = YES;
				CLANG_ENABLE_OBJC_ARC = YES;
				CLANG_ENABLE_OBJC_WEAK = YES;
				CLANG_WARN_BLOCK_CAPTURE_AUTORELEASING = YES;
				CLANG_WARN_BOOL_CONVERSION = YES;
				CLANG_WARN_COMMA = YES;
				CLANG_WARN_CONSTANT_CONVERSION = YES;
				CLANG_WARN_DEPRECATED_OBJC_IMPLEMENTATIONS = YES;
				CLANG_WARN_DIRECT_OBJC_ISA_USAGE = YES_ERROR;
				CLANG_WARN_DOCUMENTATION_COMMENTS = YES;
				CLANG_WARN_EMPTY_BODY = YES;
				CLANG_WARN_ENUM_CONVERSION = YES;
				CLANG_WARN_INFINITE_RECURSION = YES;
				CLANG_WARN_INT_CONVERSION = YES;
				CLANG_WARN_NON_LITERAL_NULL_CONVERSION = YES;
				CLANG_WARN_OBJC_IMPLICIT_RETAIN_SELF = YES;
				CLANG_WARN_OBJC_LITERAL_CONVERSION = YES;
				CLANG_WARN_OBJC_ROOT_CLASS = YES_ERROR;
				CLANG_WARN_QUOTED_INCLUDE_IN_FRAMEWORK_HEADER = YES;
				CLANG_WARN_RANGE_LOOP_ANALYSIS = YES;
				CLANG_WARN_STRICT_PROTOTYPES = YES;
				CLANG_WARN_SUSPICIOUS_MOVE = YES;
				CLANG_WARN_UNGUARDED_AVAILABILITY = YES_AGGRESSIVE;
				CLANG_WARN_UNREACHABLE_CODE = YES;
				CLANG_WARN__DUPLICATE_METHOD_MATCH = YES;
				COPY_PHASE_STRIP = NO;
				DEBUG_INFORMATION_FORMAT = "dwarf-with-dsym";
				ENABLE_NS_ASSERTIONS = NO;
				ENABLE_STRICT_OBJC_MSGSEND = YES;
				GCC_C_LANGUAGE_STANDARD = gnu11;
				GCC_NO_COMMON_BLOCKS = YES;
				GCC_WARN_64_TO_32_BIT_CONVERSION = YES;
				GCC_WARN_ABOUT_RETURN_TYPE = YES_ERROR;
				GCC_WARN_UNDECLARED_SELECTOR = YES;
				GCC_WARN_UNINITIALIZED_AUTOS = YES_AGGRESSIVE;
				GCC_WARN_UNUSED_FUNCTION = YES;
				GCC_WARN_UNUSED_VARIABLE = YES;
				IPHONEOS_DEPLOYMENT_TARGET = 16.2;
				MTL_ENABLE_DEBUG_INFO = NO;
				MTL_FAST_MATH = YES;
				SDKROOT = iphoneos;
				SWIFT_COMPILATION_MODE = wholemodule;
				SWIFT_OPTIMIZATION_LEVEL = "-O";
				VALIDATE_PRODUCT = YES;
			};
			name = Release;
		};
		A11BCEAE29D39C4F00A2D3F5 /* Debug */ = {
			isa = XCBuildConfiguration;
			baseConfigurationReference = 12FEE41903401F4B5ABC4DE6 /* Pods-LightEqualizer.debug.xcconfig */;
			buildSettings = {
				ASSETCATALOG_COMPILER_APPICON_NAME = AppIcon;
				ASSETCATALOG_COMPILER_GLOBAL_ACCENT_COLOR_NAME = AccentColor;
				CODE_SIGN_STYLE = Automatic;
				CURRENT_PROJECT_VERSION = 1;
				DEVELOPMENT_ASSET_PATHS = "\"LightEqualizer/Resources/XCAssets/Preview Content\"";
				DEVELOPMENT_TEAM = 4X4Z9SSNGG;
				ENABLE_PREVIEWS = YES;
				GENERATE_INFOPLIST_FILE = YES;
				INFOPLIST_FILE = LightEqualizer/Resources/InfoPlists/Info.plist;
				INFOPLIST_KEY_UIApplicationSupportsIndirectInputEvents = YES;
				INFOPLIST_KEY_UILaunchScreen_Generation = YES;
				INFOPLIST_KEY_UISupportedInterfaceOrientations_iPad = "UIInterfaceOrientationPortrait UIInterfaceOrientationPortraitUpsideDown UIInterfaceOrientationLandscapeLeft UIInterfaceOrientationLandscapeRight";
				INFOPLIST_KEY_UISupportedInterfaceOrientations_iPhone = "UIInterfaceOrientationPortrait UIInterfaceOrientationLandscapeLeft UIInterfaceOrientationLandscapeRight";
				LD_RUNPATH_SEARCH_PATHS = (
					"$(inherited)",
					"@executable_path/Frameworks",
				);
				MARKETING_VERSION = 1.0;
				PRODUCT_BUNDLE_IDENTIFIER = com.vdshko.projects.LightEqualizer;
				PRODUCT_NAME = "$(TARGET_NAME)";
				SWIFT_EMIT_LOC_STRINGS = YES;
				SWIFT_VERSION = 5.0;
				TARGETED_DEVICE_FAMILY = "1,2";
			};
			name = Debug;
		};
		A11BCEAF29D39C4F00A2D3F5 /* Release */ = {
			isa = XCBuildConfiguration;
			baseConfigurationReference = BD529E066AADDE35DEAB38C3 /* Pods-LightEqualizer.release.xcconfig */;
			buildSettings = {
				ASSETCATALOG_COMPILER_APPICON_NAME = AppIcon;
				ASSETCATALOG_COMPILER_GLOBAL_ACCENT_COLOR_NAME = AccentColor;
				CODE_SIGN_STYLE = Automatic;
				CURRENT_PROJECT_VERSION = 1;
				DEVELOPMENT_ASSET_PATHS = "\"LightEqualizer/Resources/XCAssets/Preview Content\"";
				DEVELOPMENT_TEAM = 4X4Z9SSNGG;
				ENABLE_PREVIEWS = YES;
				GENERATE_INFOPLIST_FILE = YES;
				INFOPLIST_FILE = LightEqualizer/Resources/InfoPlists/Info.plist;
				INFOPLIST_KEY_UIApplicationSupportsIndirectInputEvents = YES;
				INFOPLIST_KEY_UILaunchScreen_Generation = YES;
				INFOPLIST_KEY_UISupportedInterfaceOrientations_iPad = "UIInterfaceOrientationPortrait UIInterfaceOrientationPortraitUpsideDown UIInterfaceOrientationLandscapeLeft UIInterfaceOrientationLandscapeRight";
				INFOPLIST_KEY_UISupportedInterfaceOrientations_iPhone = "UIInterfaceOrientationPortrait UIInterfaceOrientationLandscapeLeft UIInterfaceOrientationLandscapeRight";
				LD_RUNPATH_SEARCH_PATHS = (
					"$(inherited)",
					"@executable_path/Frameworks",
				);
				MARKETING_VERSION = 1.0;
				PRODUCT_BUNDLE_IDENTIFIER = com.vdshko.projects.LightEqualizer;
				PRODUCT_NAME = "$(TARGET_NAME)";
				SWIFT_EMIT_LOC_STRINGS = YES;
				SWIFT_VERSION = 5.0;
				TARGETED_DEVICE_FAMILY = "1,2";
			};
			name = Release;
		};
/* End XCBuildConfiguration section */

/* Begin XCConfigurationList section */
		A11BCE9A29D39C4D00A2D3F5 /* Build configuration list for PBXProject "LightEqualizer" */ = {
			isa = XCConfigurationList;
			buildConfigurations = (
				A11BCEAB29D39C4F00A2D3F5 /* Debug */,
				A11BCEAC29D39C4F00A2D3F5 /* Release */,
			);
			defaultConfigurationIsVisible = 0;
			defaultConfigurationName = Release;
		};
		A11BCEAD29D39C4F00A2D3F5 /* Build configuration list for PBXNativeTarget "LightEqualizer" */ = {
			isa = XCConfigurationList;
			buildConfigurations = (
				A11BCEAE29D39C4F00A2D3F5 /* Debug */,
				A11BCEAF29D39C4F00A2D3F5 /* Release */,
			);
			defaultConfigurationIsVisible = 0;
			defaultConfigurationName = Release;
		};
/* End XCConfigurationList section */
	};
	rootObject = A11BCE9729D39C4D00A2D3F5 /* Project object */;
}
